
Microsoft Visual Studio Solution File, Format Version 12.00
# Visual Studio 15
VisualStudioVersion = 15.0.28307.421
MinimumVisualStudioVersion = 10.0.40219.1
Project("{9A19103F-16F7-4668-BE54-9A1E7A4F7556}") = "Web", "Web\Web.csproj", "{6E601128-FA4B-4486-98D8-2EC3481AE912}"
EndProject
Project("{9A19103F-16F7-4668-BE54-9A1E7A4F7556}") = "Services", "Services\Services.csproj", "{27A8CBB4-BB14-4A71-AF82-1A35B72C4C1D}"
EndProject
Project("{9A19103F-16F7-4668-BE54-9A1E7A4F7556}") = "UnitTests", "UnitTests\UnitTests.csproj", "{AAB98C8D-EBC1-453E-8B7F-34AE66F777E7}"
EndProject
Project("{FAE04EC0-301F-11D3-BF4B-00C04F79EFBC}") = "Models", "Models\Models.csproj", "{A24F2533-E536-4F38-901D-18507139CD42}"
EndProject
Global
	GlobalSection(SolutionConfigurationPlatforms) = preSolution
		Debug|Any CPU = Debug|Any CPU
		Release|Any CPU = Release|Any CPU
	EndGlobalSection
	GlobalSection(ProjectConfigurationPlatforms) = postSolution
		{6E601128-FA4B-4486-98D8-2EC3481AE912}.Debug|Any CPU.ActiveCfg = Debug|Any CPU
		{6E601128-FA4B-4486-98D8-2EC3481AE912}.Debug|Any CPU.Build.0 = Debug|Any CPU
		{6E601128-FA4B-4486-98D8-2EC3481AE912}.Release|Any CPU.ActiveCfg = Release|Any CPU
		{6E601128-FA4B-4486-98D8-2EC3481AE912}.Release|Any CPU.Build.0 = Release|Any CPU
		{27A8CBB4-BB14-4A71-AF82-1A35B72C4C1D}.Debug|Any CPU.ActiveCfg = Debug|Any CPU
		{27A8CBB4-BB14-4A71-AF82-1A35B72C4C1D}.Debug|Any CPU.Build.0 = Debug|Any CPU
		{27A8CBB4-BB14-4A71-AF82-1A35B72C4C1D}.Release|Any CPU.ActiveCfg = Release|Any CPU
		{27A8CBB4-BB14-4A71-AF82-1A35B72C4C1D}.Release|Any CPU.Build.0 = Release|Any CPU
		{AAB98C8D-EBC1-453E-8B7F-34AE66F777E7}.Debug|Any CPU.ActiveCfg = Debug|Any CPU
		{AAB98C8D-EBC1-453E-8B7F-34AE66F777E7}.Debug|Any CPU.Build.0 = Debug|Any CPU
		{AAB98C8D-EBC1-453E-8B7F-34AE66F777E7}.Release|Any CPU.ActiveCfg = Release|Any CPU
		{AAB98C8D-EBC1-453E-8B7F-34AE66F777E7}.Release|Any CPU.Build.0 = Release|Any CPU
		{A24F2533-E536-4F38-901D-18507139CD42}.Debug|Any CPU.ActiveCfg = Debug|Any CPU
		{A24F2533-E536-4F38-901D-18507139CD42}.Debug|Any CPU.Build.0 = Debug|Any CPU
		{A24F2533-E536-4F38-901D-18507139CD42}.Release|Any CPU.ActiveCfg = Release|Any CPU
		{A24F2533-E536-4F38-901D-18507139CD42}.Release|Any CPU.Build.0 = Release|Any CPU
	EndGlobalSection
	GlobalSection(SolutionProperties) = preSolution
		HideSolutionNode = FALSE
	EndGlobalSection
	GlobalSection(ExtensibilityGlobals) = postSolution
		SolutionGuid = {D58785A1-6E5B-4891-A0EB-C3AFA98EA2A3}
	EndGlobalSection
EndGlobal
